// !$*UTF8*$!
{
	archiveVersion = 1;
	classes = {
	};
	objectVersion = 51;
	objects = {

/* Begin PBXBuildFile section */
		32049BB48D258C1FA86BD1D9 /* Pods_Snacktacular.framework in Frameworks */ = {isa = PBXBuildFile; fileRef = F677F38937C5349D7394B865 /* Pods_Snacktacular.framework */; };
		710B734E25503CD400A7523E /* SpotListViewController.swift in Sources */ = {isa = PBXBuildFile; fileRef = 710B734D25503CD400A7523E /* SpotListViewController.swift */; };
		710B735125503E7600A7523E /* SpotTableViewCell.swift in Sources */ = {isa = PBXBuildFile; fileRef = 710B735025503E7600A7523E /* SpotTableViewCell.swift */; };
		710B7354255045B800A7523E /* SpotDetailViewController.swift in Sources */ = {isa = PBXBuildFile; fileRef = 710B7353255045B800A7523E /* SpotDetailViewController.swift */; };
		7129B94D25598E5B007A1296 /* ReviewTableViewController.swift in Sources */ = {isa = PBXBuildFile; fileRef = 7129B94C25598E5B007A1296 /* ReviewTableViewController.swift */; };
		7129B95025599477007A1296 /* Review.swift in Sources */ = {isa = PBXBuildFile; fileRef = 7129B94F25599477007A1296 /* Review.swift */; };
		7129B97225599758007A1296 /* Reviews.swift in Sources */ = {isa = PBXBuildFile; fileRef = 7129B97125599758007A1296 /* Reviews.swift */; };
		7129B9752559C411007A1296 /* SpotReviewTableViewCell.swift in Sources */ = {isa = PBXBuildFile; fileRef = 7129B9742559C411007A1296 /* SpotReviewTableViewCell.swift */; };
		712A8BC62562F7880008357E /* Photo.swift in Sources */ = {isa = PBXBuildFile; fileRef = 712A8BC52562F7880008357E /* Photo.swift */; };
		712A8C07256307320008357E /* Photos.swift in Sources */ = {isa = PBXBuildFile; fileRef = 712A8C06256307320008357E /* Photos.swift */; };
		712A8C29256309CE0008357E /* SpotPhotoCollectionViewCell.swift in Sources */ = {isa = PBXBuildFile; fileRef = 712A8C28256309CE0008357E /* SpotPhotoCollectionViewCell.swift */; };
		7134F5022575530400B51682 /* SnackUser.swift in Sources */ = {isa = PBXBuildFile; fileRef = 7134F5012575530400B51682 /* SnackUser.swift */; };
		7134F50525756D6700B51682 /* SnackUserViewController.swift in Sources */ = {isa = PBXBuildFile; fileRef = 7134F50425756D6700B51682 /* SnackUserViewController.swift */; };
		7134F50825756D8F00B51682 /* SnackUserTableViewCell.swift in Sources */ = {isa = PBXBuildFile; fileRef = 7134F50725756D8F00B51682 /* SnackUserTableViewCell.swift */; };
		7134F50B25756F4E00B51682 /* SnackUsers.swift in Sources */ = {isa = PBXBuildFile; fileRef = 7134F50A25756F4E00B51682 /* SnackUsers.swift */; };
		717D66942550848E00738BAD /* Spot.swift in Sources */ = {isa = PBXBuildFile; fileRef = 717D66932550848E00738BAD /* Spot.swift */; };
		717D66972550900700738BAD /* UIViewController+alert.swift in Sources */ = {isa = PBXBuildFile; fileRef = 717D66962550900700738BAD /* UIViewController+alert.swift */; };
		717D669A2550919000738BAD /* Spots.swift in Sources */ = {isa = PBXBuildFile; fileRef = 717D66992550919000738BAD /* Spots.swift */; };
		717D669D2550998900738BAD /* APIKeys.swift in Sources */ = {isa = PBXBuildFile; fileRef = 717D669C2550998900738BAD /* APIKeys.swift */; };
		718214F72562CA1F009FA70C /* UIView+addBorder.swift in Sources */ = {isa = PBXBuildFile; fileRef = 718214F62562CA1F009FA70C /* UIView+addBorder.swift */; };
		718214FA2562CAAB009FA70C /* UIBarButton+hide.swift in Sources */ = {isa = PBXBuildFile; fileRef = 718214F92562CAAB009FA70C /* UIBarButton+hide.swift */; };
		718214FD2562DC28009FA70C /* PhotoViewController.swift in Sources */ = {isa = PBXBuildFile; fileRef = 718214FC2562DC28009FA70C /* PhotoViewController.swift */; };
		71B8980925502CEF00A08FEC /* AppDelegate.swift in Sources */ = {isa = PBXBuildFile; fileRef = 71B8980825502CEF00A08FEC /* AppDelegate.swift */; };
		71B8980B25502CEF00A08FEC /* SceneDelegate.swift in Sources */ = {isa = PBXBuildFile; fileRef = 71B8980A25502CEF00A08FEC /* SceneDelegate.swift */; };
		71B8980D25502CEF00A08FEC /* LoginViewController.swift in Sources */ = {isa = PBXBuildFile; fileRef = 71B8980C25502CEF00A08FEC /* LoginViewController.swift */; };
		71B8981025502CEF00A08FEC /* Main.storyboard in Resources */ = {isa = PBXBuildFile; fileRef = 71B8980E25502CEF00A08FEC /* Main.storyboard */; };
		71B8981225502CF100A08FEC /* Assets.xcassets in Resources */ = {isa = PBXBuildFile; fileRef = 71B8981125502CF100A08FEC /* Assets.xcassets */; };
		71B8981525502CF100A08FEC /* LaunchScreen.storyboard in Resources */ = {isa = PBXBuildFile; fileRef = 71B8981325502CF100A08FEC /* LaunchScreen.storyboard */; };
		71CCDD85255032110053AF29 /* GoogleService-Info.plist in Resources */ = {isa = PBXBuildFile; fileRef = 71CCDD84255032110053AF29 /* GoogleService-Info.plist */; };
/* End PBXBuildFile section */

/* Begin PBXFileReference section */
		710B734D25503CD400A7523E /* SpotListViewController.swift */ = {isa = PBXFileReference; lastKnownFileType = sourcecode.swift; path = SpotListViewController.swift; sourceTree = "<group>"; };
		710B735025503E7600A7523E /* SpotTableViewCell.swift */ = {isa = PBXFileReference; lastKnownFileType = sourcecode.swift; path = SpotTableViewCell.swift; sourceTree = "<group>"; };
		710B7353255045B800A7523E /* SpotDetailViewController.swift */ = {isa = PBXFileReference; lastKnownFileType = sourcecode.swift; path = SpotDetailViewController.swift; sourceTree = "<group>"; };
		7129B94C25598E5B007A1296 /* ReviewTableViewController.swift */ = {isa = PBXFileReference; lastKnownFileType = sourcecode.swift; path = ReviewTableViewController.swift; sourceTree = "<group>"; };
		7129B94F25599477007A1296 /* Review.swift */ = {isa = PBXFileReference; lastKnownFileType = sourcecode.swift; path = Review.swift; sourceTree = "<group>"; };
		7129B97125599758007A1296 /* Reviews.swift */ = {isa = PBXFileReference; lastKnownFileType = sourcecode.swift; path = Reviews.swift; sourceTree = "<group>"; };
		7129B9742559C411007A1296 /* SpotReviewTableViewCell.swift */ = {isa = PBXFileReference; lastKnownFileType = sourcecode.swift; path = SpotReviewTableViewCell.swift; sourceTree = "<group>"; };
		712A8BC52562F7880008357E /* Photo.swift */ = {isa = PBXFileReference; lastKnownFileType = sourcecode.swift; path = Photo.swift; sourceTree = "<group>"; };
		712A8C06256307320008357E /* Photos.swift */ = {isa = PBXFileReference; lastKnownFileType = sourcecode.swift; path = Photos.swift; sourceTree = "<group>"; };
		712A8C28256309CE0008357E /* SpotPhotoCollectionViewCell.swift */ = {isa = PBXFileReference; lastKnownFileType = sourcecode.swift; path = SpotPhotoCollectionViewCell.swift; sourceTree = "<group>"; };
		7134F5012575530400B51682 /* SnackUser.swift */ = {isa = PBXFileReference; lastKnownFileType = sourcecode.swift; path = SnackUser.swift; sourceTree = "<group>"; };
		7134F50425756D6700B51682 /* SnackUserViewController.swift */ = {isa = PBXFileReference; lastKnownFileType = sourcecode.swift; path = SnackUserViewController.swift; sourceTree = "<group>"; };
		7134F50725756D8F00B51682 /* SnackUserTableViewCell.swift */ = {isa = PBXFileReference; lastKnownFileType = sourcecode.swift; path = SnackUserTableViewCell.swift; sourceTree = "<group>"; };
		7134F50A25756F4E00B51682 /* SnackUsers.swift */ = {isa = PBXFileReference; lastKnownFileType = sourcecode.swift; path = SnackUsers.swift; sourceTree = "<group>"; };
		717D66932550848E00738BAD /* Spot.swift */ = {isa = PBXFileReference; lastKnownFileType = sourcecode.swift; path = Spot.swift; sourceTree = "<group>"; };
		717D66962550900700738BAD /* UIViewController+alert.swift */ = {isa = PBXFileReference; fileEncoding = 4; lastKnownFileType = sourcecode.swift; path = "UIViewController+alert.swift"; sourceTree = "<group>"; };
		717D66992550919000738BAD /* Spots.swift */ = {isa = PBXFileReference; lastKnownFileType = sourcecode.swift; path = Spots.swift; sourceTree = "<group>"; };
		717D669C2550998900738BAD /* APIKeys.swift */ = {isa = PBXFileReference; lastKnownFileType = sourcecode.swift; path = APIKeys.swift; sourceTree = "<group>"; };
		718214F62562CA1F009FA70C /* UIView+addBorder.swift */ = {isa = PBXFileReference; lastKnownFileType = sourcecode.swift; path = "UIView+addBorder.swift"; sourceTree = "<group>"; };
		718214F92562CAAB009FA70C /* UIBarButton+hide.swift */ = {isa = PBXFileReference; lastKnownFileType = sourcecode.swift; path = "UIBarButton+hide.swift"; sourceTree = "<group>"; };
		718214FC2562DC28009FA70C /* PhotoViewController.swift */ = {isa = PBXFileReference; lastKnownFileType = sourcecode.swift; path = PhotoViewController.swift; sourceTree = "<group>"; };
		71B8980525502CEF00A08FEC /* Snacktacular.app */ = {isa = PBXFileReference; explicitFileType = wrapper.application; includeInIndex = 0; path = Snacktacular.app; sourceTree = BUILT_PRODUCTS_DIR; };
		71B8980825502CEF00A08FEC /* AppDelegate.swift */ = {isa = PBXFileReference; lastKnownFileType = sourcecode.swift; path = AppDelegate.swift; sourceTree = "<group>"; };
		71B8980A25502CEF00A08FEC /* SceneDelegate.swift */ = {isa = PBXFileReference; lastKnownFileType = sourcecode.swift; path = SceneDelegate.swift; sourceTree = "<group>"; };
		71B8980C25502CEF00A08FEC /* LoginViewController.swift */ = {isa = PBXFileReference; lastKnownFileType = sourcecode.swift; path = LoginViewController.swift; sourceTree = "<group>"; };
		71B8980F25502CEF00A08FEC /* Base */ = {isa = PBXFileReference; lastKnownFileType = file.storyboard; name = Base; path = Base.lproj/Main.storyboard; sourceTree = "<group>"; };
		71B8981125502CF100A08FEC /* Assets.xcassets */ = {isa = PBXFileReference; lastKnownFileType = folder.assetcatalog; path = Assets.xcassets; sourceTree = "<group>"; };
		71B8981425502CF100A08FEC /* Base */ = {isa = PBXFileReference; lastKnownFileType = file.storyboard; name = Base; path = Base.lproj/LaunchScreen.storyboard; sourceTree = "<group>"; };
		71B8981625502CF100A08FEC /* Info.plist */ = {isa = PBXFileReference; lastKnownFileType = text.plist.xml; path = Info.plist; sourceTree = "<group>"; };
		71CCDD84255032110053AF29 /* GoogleService-Info.plist */ = {isa = PBXFileReference; lastKnownFileType = text.plist; path = "GoogleService-Info.plist"; sourceTree = SOURCE_ROOT; };
		DCD32DB78620263B42290FFF /* Pods-Snacktacular.debug.xcconfig */ = {isa = PBXFileReference; includeInIndex = 1; lastKnownFileType = text.xcconfig; name = "Pods-Snacktacular.debug.xcconfig"; path = "Target Support Files/Pods-Snacktacular/Pods-Snacktacular.debug.xcconfig"; sourceTree = "<group>"; };
		EEFA793D304E749BC2837D79 /* Pods-Snacktacular.release.xcconfig */ = {isa = PBXFileReference; includeInIndex = 1; lastKnownFileType = text.xcconfig; name = "Pods-Snacktacular.release.xcconfig"; path = "Target Support Files/Pods-Snacktacular/Pods-Snacktacular.release.xcconfig"; sourceTree = "<group>"; };
		F677F38937C5349D7394B865 /* Pods_Snacktacular.framework */ = {isa = PBXFileReference; explicitFileType = wrapper.framework; includeInIndex = 0; path = Pods_Snacktacular.framework; sourceTree = BUILT_PRODUCTS_DIR; };
/* End PBXFileReference section */

/* Begin PBXFrameworksBuildPhase section */
		71B8980225502CEF00A08FEC /* Frameworks */ = {
			isa = PBXFrameworksBuildPhase;
			buildActionMask = 2147483647;
			files = (
				32049BB48D258C1FA86BD1D9 /* Pods_Snacktacular.framework in Frameworks */,
			);
			runOnlyForDeploymentPostprocessing = 0;
		};
/* End PBXFrameworksBuildPhase section */

/* Begin PBXGroup section */
		71B897FC25502CEF00A08FEC = {
			isa = PBXGroup;
			children = (
				71B8980725502CEF00A08FEC /* Snacktacular */,
				71B8980625502CEF00A08FEC /* Products */,
				E1B0C0221A953D7F93866C03 /* Pods */,
				9E910B75EB719DB858F6C7B9 /* Frameworks */,
			);
			sourceTree = "<group>";
		};
		71B8980625502CEF00A08FEC /* Products */ = {
			isa = PBXGroup;
			children = (
				71B8980525502CEF00A08FEC /* Snacktacular.app */,
			);
			name = Products;
			sourceTree = "<group>";
		};
		71B8980725502CEF00A08FEC /* Snacktacular */ = {
			isa = PBXGroup;
			children = (
				71B8980825502CEF00A08FEC /* AppDelegate.swift */,
				71B8980A25502CEF00A08FEC /* SceneDelegate.swift */,
				717D66932550848E00738BAD /* Spot.swift */,
				717D66992550919000738BAD /* Spots.swift */,
				7129B94F25599477007A1296 /* Review.swift */,
				7129B97125599758007A1296 /* Reviews.swift */,
				712A8BC52562F7880008357E /* Photo.swift */,
				712A8C06256307320008357E /* Photos.swift */,
				7134F5012575530400B51682 /* SnackUser.swift */,
				7134F50A25756F4E00B51682 /* SnackUsers.swift */,
				71B8980C25502CEF00A08FEC /* LoginViewController.swift */,
				710B734D25503CD400A7523E /* SpotListViewController.swift */,
				710B735025503E7600A7523E /* SpotTableViewCell.swift */,
				710B7353255045B800A7523E /* SpotDetailViewController.swift */,
				7129B9742559C411007A1296 /* SpotReviewTableViewCell.swift */,
				712A8C28256309CE0008357E /* SpotPhotoCollectionViewCell.swift */,
				7129B94C25598E5B007A1296 /* ReviewTableViewController.swift */,
				718214FC2562DC28009FA70C /* PhotoViewController.swift */,
				7134F50425756D6700B51682 /* SnackUserViewController.swift */,
				7134F50725756D8F00B51682 /* SnackUserTableViewCell.swift */,
				71B8980E25502CEF00A08FEC /* Main.storyboard */,
				71B8981125502CF100A08FEC /* Assets.xcassets */,
				71B8981325502CF100A08FEC /* LaunchScreen.storyboard */,
				71B8981625502CF100A08FEC /* Info.plist */,
				71CCDD84255032110053AF29 /* GoogleService-Info.plist */,
				717D66962550900700738BAD /* UIViewController+alert.swift */,
				718214F62562CA1F009FA70C /* UIView+addBorder.swift */,
				718214F92562CAAB009FA70C /* UIBarButton+hide.swift */,
				717D669C2550998900738BAD /* APIKeys.swift */,
			);
			path = Snacktacular;
			sourceTree = "<group>";
		};
		9E910B75EB719DB858F6C7B9 /* Frameworks */ = {
			isa = PBXGroup;
			children = (
				F677F38937C5349D7394B865 /* Pods_Snacktacular.framework */,
			);
			name = Frameworks;
			sourceTree = "<group>";
		};
		E1B0C0221A953D7F93866C03 /* Pods */ = {
			isa = PBXGroup;
			children = (
				DCD32DB78620263B42290FFF /* Pods-Snacktacular.debug.xcconfig */,
				EEFA793D304E749BC2837D79 /* Pods-Snacktacular.release.xcconfig */,
			);
			path = Pods;
			sourceTree = "<group>";
		};
/* End PBXGroup section */

/* Begin PBXNativeTarget section */
		71B8980425502CEF00A08FEC /* Snacktacular */ = {
			isa = PBXNativeTarget;
			buildConfigurationList = 71B8981925502CF100A08FEC /* Build configuration list for PBXNativeTarget "Snacktacular" */;
			buildPhases = (
				D0FE9E4E0963113AB2DC5AF6 /* [CP] Check Pods Manifest.lock */,
				71B8980125502CEF00A08FEC /* Sources */,
				71B8980225502CEF00A08FEC /* Frameworks */,
				71B8980325502CEF00A08FEC /* Resources */,
				058433BE572939C09DDDFBBA /* [CP] Embed Pods Frameworks */,
				4C39850F1775495AC2778DBA /* [CP] Copy Pods Resources */,
			);
			buildRules = (
			);
			dependencies = (
			);
			name = Snacktacular;
			productName = Snacktacular;
			productReference = 71B8980525502CEF00A08FEC /* Snacktacular.app */;
			productType = "com.apple.product-type.application";
		};
/* End PBXNativeTarget section */

/* Begin PBXProject section */
		71B897FD25502CEF00A08FEC /* Project object */ = {
			isa = PBXProject;
			attributes = {
				LastSwiftUpdateCheck = 1210;
				LastUpgradeCheck = 1210;
				TargetAttributes = {
					71B8980425502CEF00A08FEC = {
						CreatedOnToolsVersion = 12.1;
					};
				};
			};
			buildConfigurationList = 71B8980025502CEF00A08FEC /* Build configuration list for PBXProject "Snacktacular" */;
			compatibilityVersion = "Xcode 9.3";
			developmentRegion = en;
			hasScannedForEncodings = 0;
			knownRegions = (
				en,
				Base,
			);
			mainGroup = 71B897FC25502CEF00A08FEC;
			productRefGroup = 71B8980625502CEF00A08FEC /* Products */;
			projectDirPath = "";
			projectRoot = "";
			targets = (
				71B8980425502CEF00A08FEC /* Snacktacular */,
			);
		};
/* End PBXProject section */

/* Begin PBXResourcesBuildPhase section */
		71B8980325502CEF00A08FEC /* Resources */ = {
			isa = PBXResourcesBuildPhase;
			buildActionMask = 2147483647;
			files = (
				71B8981525502CF100A08FEC /* LaunchScreen.storyboard in Resources */,
				71CCDD85255032110053AF29 /* GoogleService-Info.plist in Resources */,
				71B8981225502CF100A08FEC /* Assets.xcassets in Resources */,
				71B8981025502CEF00A08FEC /* Main.storyboard in Resources */,
			);
			runOnlyForDeploymentPostprocessing = 0;
		};
/* End PBXResourcesBuildPhase section */

/* Begin PBXShellScriptBuildPhase section */
		058433BE572939C09DDDFBBA /* [CP] Embed Pods Frameworks */ = {
			isa = PBXShellScriptBuildPhase;
			buildActionMask = 2147483647;
			files = (
			);
			inputFileListPaths = (
				"${PODS_ROOT}/Target Support Files/Pods-Snacktacular/Pods-Snacktacular-frameworks-${CONFIGURATION}-input-files.xcfilelist",
			);
			name = "[CP] Embed Pods Frameworks";
			outputFileListPaths = (
				"${PODS_ROOT}/Target Support Files/Pods-Snacktacular/Pods-Snacktacular-frameworks-${CONFIGURATION}-output-files.xcfilelist",
			);
			runOnlyForDeploymentPostprocessing = 0;
			shellPath = /bin/sh;
			shellScript = "\"${PODS_ROOT}/Target Support Files/Pods-Snacktacular/Pods-Snacktacular-frameworks.sh\"\n";
			showEnvVarsInLog = 0;
		};
		4C39850F1775495AC2778DBA /* [CP] Copy Pods Resources */ = {
			isa = PBXShellScriptBuildPhase;
			buildActionMask = 2147483647;
			files = (
			);
			inputFileListPaths = (
				"${PODS_ROOT}/Target Support Files/Pods-Snacktacular/Pods-Snacktacular-resources-${CONFIGURATION}-input-files.xcfilelist",
			);
			name = "[CP] Copy Pods Resources";
			outputFileListPaths = (
				"${PODS_ROOT}/Target Support Files/Pods-Snacktacular/Pods-Snacktacular-resources-${CONFIGURATION}-output-files.xcfilelist",
			);
			runOnlyForDeploymentPostprocessing = 0;
			shellPath = /bin/sh;
			shellScript = "\"${PODS_ROOT}/Target Support Files/Pods-Snacktacular/Pods-Snacktacular-resources.sh\"\n";
			showEnvVarsInLog = 0;
		};
		D0FE9E4E0963113AB2DC5AF6 /* [CP] Check Pods Manifest.lock */ = {
			isa = PBXShellScriptBuildPhase;
			buildActionMask = 2147483647;
			files = (
			);
			inputFileListPaths = (
			);
			inputPaths = (
				"${PODS_PODFILE_DIR_PATH}/Podfile.lock",
				"${PODS_ROOT}/Manifest.lock",
			);
			name = "[CP] Check Pods Manifest.lock";
			outputFileListPaths = (
			);
			outputPaths = (
				"$(DERIVED_FILE_DIR)/Pods-Snacktacular-checkManifestLockResult.txt",
			);
			runOnlyForDeploymentPostprocessing = 0;
			shellPath = /bin/sh;
			shellScript = "diff \"${PODS_PODFILE_DIR_PATH}/Podfile.lock\" \"${PODS_ROOT}/Manifest.lock\" > /dev/null\nif [ $? != 0 ] ; then\n    # print error to STDERR\n    echo \"error: The sandbox is not in sync with the Podfile.lock. Run 'pod install' or update your CocoaPods installation.\" >&2\n    exit 1\nfi\n# This output is used by Xcode 'outputs' to avoid re-running this script phase.\necho \"SUCCESS\" > \"${SCRIPT_OUTPUT_FILE_0}\"\n";
			showEnvVarsInLog = 0;
		};
/* End PBXShellScriptBuildPhase section */

/* Begin PBXSourcesBuildPhase section */
		71B8980125502CEF00A08FEC /* Sources */ = {
			isa = PBXSourcesBuildPhase;
			buildActionMask = 2147483647;
			files = (
				7129B97225599758007A1296 /* Reviews.swift in Sources */,
				710B734E25503CD400A7523E /* SpotListViewController.swift in Sources */,
				71B8980D25502CEF00A08FEC /* LoginViewController.swift in Sources */,
				71B8980925502CEF00A08FEC /* AppDelegate.swift in Sources */,
				710B7354255045B800A7523E /* SpotDetailViewController.swift in Sources */,
				712A8C07256307320008357E /* Photos.swift in Sources */,
				718214FA2562CAAB009FA70C /* UIBarButton+hide.swift in Sources */,
				7129B94D25598E5B007A1296 /* ReviewTableViewController.swift in Sources */,
				7129B95025599477007A1296 /* Review.swift in Sources */,
				717D669A2550919000738BAD /* Spots.swift in Sources */,
				710B735125503E7600A7523E /* SpotTableViewCell.swift in Sources */,
				718214FD2562DC28009FA70C /* PhotoViewController.swift in Sources */,
				7129B9752559C411007A1296 /* SpotReviewTableViewCell.swift in Sources */,
				712A8BC62562F7880008357E /* Photo.swift in Sources */,
				7134F50825756D8F00B51682 /* SnackUserTableViewCell.swift in Sources */,
				7134F50525756D6700B51682 /* SnackUserViewController.swift in Sources */,
				717D669D2550998900738BAD /* APIKeys.swift in Sources */,
				717D66942550848E00738BAD /* Spot.swift in Sources */,
				71B8980B25502CEF00A08FEC /* SceneDelegate.swift in Sources */,
				7134F5022575530400B51682 /* SnackUser.swift in Sources */,
				712A8C29256309CE0008357E /* SpotPhotoCollectionViewCell.swift in Sources */,
				7134F50B25756F4E00B51682 /* SnackUsers.swift in Sources */,
				717D66972550900700738BAD /* UIViewController+alert.swift in Sources */,
				718214F72562CA1F009FA70C /* UIView+addBorder.swift in Sources */,
			);
			runOnlyForDeploymentPostprocessing = 0;
		};
/* End PBXSourcesBuildPhase section */

/* Begin PBXVariantGroup section */
		71B8980E25502CEF00A08FEC /* Main.storyboard */ = {
			isa = PBXVariantGroup;
			children = (
				71B8980F25502CEF00A08FEC /* Base */,
			);
			name = Main.storyboard;
			sourceTree = "<group>";
		};
		71B8981325502CF100A08FEC /* LaunchScreen.storyboard */ = {
			isa = PBXVariantGroup;
			children = (
				71B8981425502CF100A08FEC /* Base */,
			);
			name = LaunchScreen.storyboard;
			sourceTree = "<group>";
		};
/* End PBXVariantGroup section */

/* Begin XCBuildConfiguration section */
		71B8981725502CF100A08FEC /* Debug */ = {
			isa = XCBuildConfiguration;
			buildSettings = {
				ALWAYS_SEARCH_USER_PATHS = NO;
				CLANG_ANALYZER_NONNULL = YES;
				CLANG_ANALYZER_NUMBER_OBJECT_CONVERSION = YES_AGGRESSIVE;
				CLANG_CXX_LANGUAGE_STANDARD = "gnu++14";
				CLANG_CXX_LIBRARY = "libc++";
				CLANG_ENABLE_MODULES = YES;
				CLANG_ENABLE_OBJC_ARC = YES;
				CLANG_ENABLE_OBJC_WEAK = YES;
				CLANG_WARN_BLOCK_CAPTURE_AUTORELEASING = YES;
				CLANG_WARN_BOOL_CONVERSION = YES;
				CLANG_WARN_COMMA = YES;
				CLANG_WARN_CONSTANT_CONVERSION = YES;
				CLANG_WARN_DEPRECATED_OBJC_IMPLEMENTATIONS = YES;
				CLANG_WARN_DIRECT_OBJC_ISA_USAGE = YES_ERROR;
				CLANG_WARN_DOCUMENTATION_COMMENTS = YES;
				CLANG_WARN_EMPTY_BODY = YES;
				CLANG_WARN_ENUM_CONVERSION = YES;
				CLANG_WARN_INFINITE_RECURSION = YES;
				CLANG_WARN_INT_CONVERSION = YES;
				CLANG_WARN_NON_LITERAL_NULL_CONVERSION = YES;
				CLANG_WARN_OBJC_IMPLICIT_RETAIN_SELF = YES;
				CLANG_WARN_OBJC_LITERAL_CONVERSION = YES;
				CLANG_WARN_OBJC_ROOT_CLASS = YES_ERROR;
				CLANG_WARN_QUOTED_INCLUDE_IN_FRAMEWORK_HEADER = YES;
				CLANG_WARN_RANGE_LOOP_ANALYSIS = YES;
				CLANG_WARN_STRICT_PROTOTYPES = YES;
				CLANG_WARN_SUSPICIOUS_MOVE = YES;
				CLANG_WARN_UNGUARDED_AVAILABILITY = YES_AGGRESSIVE;
				CLANG_WARN_UNREACHABLE_CODE = YES;
				CLANG_WARN__DUPLICATE_METHOD_MATCH = YES;
				COPY_PHASE_STRIP = NO;
				DEBUG_INFORMATION_FORMAT = dwarf;
				ENABLE_STRICT_OBJC_MSGSEND = YES;
				ENABLE_TESTABILITY = YES;
				GCC_C_LANGUAGE_STANDARD = gnu11;
				GCC_DYNAMIC_NO_PIC = NO;
				GCC_NO_COMMON_BLOCKS = YES;
				GCC_OPTIMIZATION_LEVEL = 0;
				GCC_PREPROCESSOR_DEFINITIONS = (
					"DEBUG=1",
					"$(inherited)",
				);
				GCC_WARN_64_TO_32_BIT_CONVERSION = YES;
				GCC_WARN_ABOUT_RETURN_TYPE = YES_ERROR;
				GCC_WARN_UNDECLARED_SELECTOR = YES;
				GCC_WARN_UNINITIALIZED_AUTOS = YES_AGGRESSIVE;
				GCC_WARN_UNUSED_FUNCTION = YES;
				GCC_WARN_UNUSED_VARIABLE = YES;
				IPHONEOS_DEPLOYMENT_TARGET = 14.1;
				MTL_ENABLE_DEBUG_INFO = INCLUDE_SOURCE;
				MTL_FAST_MATH = YES;
				ONLY_ACTIVE_ARCH = YES;
				SDKROOT = iphoneos;
				SWIFT_ACTIVE_COMPILATION_CONDITIONS = DEBUG;
				SWIFT_OPTIMIZATION_LEVEL = "-Onone";
			};
			name = Debug;
		};
		71B8981825502CF100A08FEC /* Release */ = {
			isa = XCBuildConfiguration;
			buildSettings = {
				ALWAYS_SEARCH_USER_PATHS = NO;
				CLANG_ANALYZER_NONNULL = YES;
				CLANG_ANALYZER_NUMBER_OBJECT_CONVERSION = YES_AGGRESSIVE;
				CLANG_CXX_LANGUAGE_STANDARD = "gnu++14";
				CLANG_CXX_LIBRARY = "libc++";
				CLANG_ENABLE_MODULES = YES;
				CLANG_ENABLE_OBJC_ARC = YES;
				CLANG_ENABLE_OBJC_WEAK = YES;
				CLANG_WARN_BLOCK_CAPTURE_AUTORELEASING = YES;
				CLANG_WARN_BOOL_CONVERSION = YES;
				CLANG_WARN_COMMA = YES;
				CLANG_WARN_CONSTANT_CONVERSION = YES;
				CLANG_WARN_DEPRECATED_OBJC_IMPLEMENTATIONS = YES;
				CLANG_WARN_DIRECT_OBJC_ISA_USAGE = YES_ERROR;
				CLANG_WARN_DOCUMENTATION_COMMENTS = YES;
				CLANG_WARN_EMPTY_BODY = YES;
				CLANG_WARN_ENUM_CONVERSION = YES;
				CLANG_WARN_INFINITE_RECURSION = YES;
				CLANG_WARN_INT_CONVERSION = YES;
				CLANG_WARN_NON_LITERAL_NULL_CONVERSION = YES;
				CLANG_WARN_OBJC_IMPLICIT_RETAIN_SELF = YES;
				CLANG_WARN_OBJC_LITERAL_CONVERSION = YES;
				CLANG_WARN_OBJC_ROOT_CLASS = YES_ERROR;
				CLANG_WARN_QUOTED_INCLUDE_IN_FRAMEWORK_HEADER = YES;
				CLANG_WARN_RANGE_LOOP_ANALYSIS = YES;
				CLANG_WARN_STRICT_PROTOTYPES = YES;
				CLANG_WARN_SUSPICIOUS_MOVE = YES;
				CLANG_WARN_UNGUARDED_AVAILABILITY = YES_AGGRESSIVE;
				CLANG_WARN_UNREACHABLE_CODE = YES;
				CLANG_WARN__DUPLICATE_METHOD_MATCH = YES;
				COPY_PHASE_STRIP = NO;
				DEBUG_INFORMATION_FORMAT = "dwarf-with-dsym";
				ENABLE_NS_ASSERTIONS = NO;
				ENABLE_STRICT_OBJC_MSGSEND = YES;
				GCC_C_LANGUAGE_STANDARD = gnu11;
				GCC_NO_COMMON_BLOCKS = YES;
				GCC_WARN_64_TO_32_BIT_CONVERSION = YES;
				GCC_WARN_ABOUT_RETURN_TYPE = YES_ERROR;
				GCC_WARN_UNDECLARED_SELECTOR = YES;
				GCC_WARN_UNINITIALIZED_AUTOS = YES_AGGRESSIVE;
				GCC_WARN_UNUSED_FUNCTION = YES;
				GCC_WARN_UNUSED_VARIABLE = YES;
				IPHONEOS_DEPLOYMENT_TARGET = 14.1;
				MTL_ENABLE_DEBUG_INFO = NO;
				MTL_FAST_MATH = YES;
				SDKROOT = iphoneos;
				SWIFT_COMPILATION_MODE = wholemodule;
				SWIFT_OPTIMIZATION_LEVEL = "-O";
				VALIDATE_PRODUCT = YES;
			};
			name = Release;
		};
		71B8981A25502CF100A08FEC /* Debug */ = {
			isa = XCBuildConfiguration;
			baseConfigurationReference = DCD32DB78620263B42290FFF /* Pods-Snacktacular.debug.xcconfig */;
			buildSettings = {
				ASSETCATALOG_COMPILER_APPICON_NAME = AppIcon;
				ASSETCATALOG_COMPILER_GLOBAL_ACCENT_COLOR_NAME = AccentColor;
				CODE_SIGN_STYLE = Automatic;
				DEVELOPMENT_TEAM = R8SVNBWL98;
				INFOPLIST_FILE = Snacktacular/Info.plist;
				LD_RUNPATH_SEARCH_PATHS = (
					"$(inherited)",
					"@executable_path/Frameworks",
				);
				PRODUCT_BUNDLE_IDENTIFIER = com.zulewski.Snacktacular;
				PRODUCT_NAME = "$(TARGET_NAME)";
				SWIFT_VERSION = 5.0;
				TARGETED_DEVICE_FAMILY = "1,2";
			};
			name = Debug;
		};
		71B8981B25502CF100A08FEC /* Release */ = {
			isa = XCBuildConfiguration;
			baseConfigurationReference = EEFA793D304E749BC2837D79 /* Pods-Snacktacular.release.xcconfig */;
			buildSettings = {
				ASSETCATALOG_COMPILER_APPICON_NAME = AppIcon;
				ASSETCATALOG_COMPILER_GLOBAL_ACCENT_COLOR_NAME = AccentColor;
				CODE_SIGN_STYLE = Automatic;
				DEVELOPMENT_TEAM = R8SVNBWL98;
				INFOPLIST_FILE = Snacktacular/Info.plist;
				LD_RUNPATH_SEARCH_PATHS = (
					"$(inherited)",
					"@executable_path/Frameworks",
				);
				PRODUCT_BUNDLE_IDENTIFIER = com.zulewski.Snacktacular;
				PRODUCT_NAME = "$(TARGET_NAME)";
				SWIFT_VERSION = 5.0;
				TARGETED_DEVICE_FAMILY = "1,2";
			};
			name = Release;
		};
/* End XCBuildConfiguration section */

/* Begin XCConfigurationList section */
		71B8980025502CEF00A08FEC /* Build configuration list for PBXProject "Snacktacular" */ = {
			isa = XCConfigurationList;
			buildConfigurations = (
				71B8981725502CF100A08FEC /* Debug */,
				71B8981825502CF100A08FEC /* Release */,
			);
			defaultConfigurationIsVisible = 0;
			defaultConfigurationName = Release;
		};
		71B8981925502CF100A08FEC /* Build configuration list for PBXNativeTarget "Snacktacular" */ = {
			isa = XCConfigurationList;
			buildConfigurations = (
				71B8981A25502CF100A08FEC /* Debug */,
				71B8981B25502CF100A08FEC /* Release */,
			);
			defaultConfigurationIsVisible = 0;
			defaultConfigurationName = Release;
		};
/* End XCConfigurationList section */
	};
	rootObject = 71B897FD25502CEF00A08FEC /* Project object */;
}
